
Microsoft Visual Studio Solution File, Format Version 12.00
# Visual Studio Version 16
VisualStudioVersion = 16.0.30406.217
MinimumVisualStudioVersion = 10.0.40219.1
Project("{FAE04EC0-301F-11D3-BF4B-00C04F79EFBC}") = "eight_queen", "eight_queen\eight_queen.csproj", "{D533F08C-B413-44D7-81D6-376AB80FA1F2}"
EndProject
Global
	GlobalSection(SolutionConfigurationPlatforms) = preSolution
		Debug|Any CPU = Debug|Any CPU
		Release|Any CPU = Release|Any CPU
	EndGlobalSection
	GlobalSection(ProjectConfigurationPlatforms) = postSolution
		{D533F08C-B413-44D7-81D6-376AB80FA1F2}.Debug|Any CPU.ActiveCfg = Debug|Any CPU
		{D533F08C-B413-44D7-81D6-376AB80FA1F2}.Debug|Any CPU.Build.0 = Debug|Any CPU
		{D533F08C-B413-44D7-81D6-376AB80FA1F2}.Release|Any CPU.ActiveCfg = Release|Any CPU
		{D533F08C-B413-44D7-81D6-376AB80FA1F2}.Release|Any CPU.Build.0 = Release|Any CPU
	EndGlobalSection
	GlobalSection(SolutionProperties) = preSolution
		HideSolutionNode = FALSE
	EndGlobalSection
	GlobalSection(ExtensibilityGlobals) = postSolution
		SolutionGuid = {8A374EC5-B5C8-4CC6-8248-551DA7EBE089}
	EndGlobalSection
EndGlobal
